# THIS IS AN AUTOGENERATED FILE. DO NOT EDIT THIS FILE DIRECTLY.
# yarn lockfile v1


"@ons/design-system@72.10.0":
  version "72.10.0"
  resolved "https://registry.npmjs.org/@ons/design-system/-/design-system-72.10.0.tgz"
  integrity sha512-5Ihr9GSICCqv4a57bOuOrm7dlDABekbnLExII2Eo4WxxgKcaLgPTYVsJWioEVvditvKFSwUl2DyqwIA5PXTLkw==
  dependencies:
    highcharts "^12.1.2"

highcharts@^12.1.2:
  version "12.2.0"
  resolved "https://registry.npmjs.org/highcharts/-/highcharts-12.2.0.tgz"
  integrity sha512-UUN+osTP3aeGc4KmoMuWAjzpKif8GYHFozzYI4O8h1ILGof25M/ZGBpXLvgqf1z0LVh7N9eG7i0HnzMfjcR4nA==

prettier-plugin-jinja-template@^2.1.0:
  version "2.1.0"

prettier@^3.0.0:
  version "3.5.3"
